
Microsoft Visual Studio Solution File, Format Version 12.00
# Visual Studio Version 17
VisualStudioVersion = 17.0.32014.148
MinimumVisualStudioVersion = 10.0.40219.1
Project("{9A19103F-16F7-4668-BE54-9A1E7A4F7556}") = "BulkyBookWeb", "BulkyBookWeb\BulkyBookWeb.csproj", "{E4B92500-056E-4B20-910F-767845DF1ECA}"
EndProject
Project("{FAE04EC0-301F-11D3-BF4B-00C04F79EFBC}") = "BulkyBook.DataAccess", "BulkyBook.DataAccess\BulkyBook.DataAccess.csproj", "{B3581DF5-EBE0-4A9C-B466-51255CC0CB22}"
EndProject
Project("{FAE04EC0-301F-11D3-BF4B-00C04F79EFBC}") = "BulkyBook.Models", "BulkyBook.Models\BulkyBook.Models.csproj", "{64485619-802E-4355-8469-D51193E32073}"
EndProject
Project("{FAE04EC0-301F-11D3-BF4B-00C04F79EFBC}") = "BulkyBook.Utility", "BulkyBook.Utility\BulkyBook.Utility.csproj", "{83679276-85F3-4663-8CDA-4E864C0C8C5C}"
EndProject
Global
	GlobalSection(SolutionConfigurationPlatforms) = preSolution
		Debug|Any CPU = Debug|Any CPU
		Release|Any CPU = Release|Any CPU
	EndGlobalSection
	GlobalSection(ProjectConfigurationPlatforms) = postSolution
		{E4B92500-056E-4B20-910F-767845DF1ECA}.Debug|Any CPU.ActiveCfg = Debug|Any CPU
		{E4B92500-056E-4B20-910F-767845DF1ECA}.Debug|Any CPU.Build.0 = Debug|Any CPU
		{E4B92500-056E-4B20-910F-767845DF1ECA}.Release|Any CPU.ActiveCfg = Release|Any CPU
		{E4B92500-056E-4B20-910F-767845DF1ECA}.Release|Any CPU.Build.0 = Release|Any CPU
		{B3581DF5-EBE0-4A9C-B466-51255CC0CB22}.Debug|Any CPU.ActiveCfg = Debug|Any CPU
		{B3581DF5-EBE0-4A9C-B466-51255CC0CB22}.Debug|Any CPU.Build.0 = Debug|Any CPU
		{B3581DF5-EBE0-4A9C-B466-51255CC0CB22}.Release|Any CPU.ActiveCfg = Release|Any CPU
		{B3581DF5-EBE0-4A9C-B466-51255CC0CB22}.Release|Any CPU.Build.0 = Release|Any CPU
		{64485619-802E-4355-8469-D51193E32073}.Debug|Any CPU.ActiveCfg = Debug|Any CPU
		{64485619-802E-4355-8469-D51193E32073}.Debug|Any CPU.Build.0 = Debug|Any CPU
		{64485619-802E-4355-8469-D51193E32073}.Release|Any CPU.ActiveCfg = Release|Any CPU
		{64485619-802E-4355-8469-D51193E32073}.Release|Any CPU.Build.0 = Release|Any CPU
		{83679276-85F3-4663-8CDA-4E864C0C8C5C}.Debug|Any CPU.ActiveCfg = Debug|Any CPU
		{83679276-85F3-4663-8CDA-4E864C0C8C5C}.Debug|Any CPU.Build.0 = Debug|Any CPU
		{83679276-85F3-4663-8CDA-4E864C0C8C5C}.Release|Any CPU.ActiveCfg = Release|Any CPU
		{83679276-85F3-4663-8CDA-4E864C0C8C5C}.Release|Any CPU.Build.0 = Release|Any CPU
	EndGlobalSection
	GlobalSection(SolutionProperties) = preSolution
		HideSolutionNode = FALSE
	EndGlobalSection
	GlobalSection(ExtensibilityGlobals) = postSolution
		SolutionGuid = {C37AFF34-5200-44A2-8630-F3F01D103294}
	EndGlobalSection
EndGlobal
